
Microsoft Visual Studio Solution File, Format Version 12.00
# Visual Studio Version 16
VisualStudioVersion = 16.0.31515.178
MinimumVisualStudioVersion = 10.0.40219.1
Project("{2150E333-8FDC-42A3-9474-1A3956D46DE8}") = "Arrays", "Arrays", "{6C38D875-70F5-4D9F-992A-4B8AF4AB1336}"
EndProject
Project("{FAE04EC0-301F-11D3-BF4B-00C04F79EFBC}") = "SumOfTwoNumbers", "SumOfTwoNumbers\SumOfTwoNumbers.csproj", "{A9CCCDE8-E869-43A3-B849-4750F3EED580}"
EndProject
Project("{FAE04EC0-301F-11D3-BF4B-00C04F79EFBC}") = "WaterAndCharts", "WaterAndCharts\WaterAndCharts.csproj", "{289B245B-4E63-4DC0-B26A-3FA50ECFDA72}"
EndProject
Project("{FAE04EC0-301F-11D3-BF4B-00C04F79EFBC}") = "TrappingRainWater", "TrappingRainWater\TrappingRainWater.csproj", "{BCE2805A-B8A5-48E8-B230-928D10F1D6CE}"
EndProject
Project("{2150E333-8FDC-42A3-9474-1A3956D46DE8}") = "Strings", "Strings", "{2757B298-340A-418B-A390-D9170F0C72F6}"
EndProject
Project("{FAE04EC0-301F-11D3-BF4B-00C04F79EFBC}") = "TypedOutStrings", "TypedOutStrings\TypedOutStrings.csproj", "{1A79AABA-F755-41E3-865A-17EA217FC9FE}"
EndProject
Project("{FAE04EC0-301F-11D3-BF4B-00C04F79EFBC}") = "LongestSubstringWithoutRepeatingCharacters", "LongestSubstringWithoutRepeatingCharacters\LongestSubstringWithoutRepeatingCharacters.csproj", "{9A9B7FBA-122D-4158-917B-7041FC3E6D43}"
EndProject
Project("{FAE04EC0-301F-11D3-BF4B-00C04F79EFBC}") = "CheckIFpalindrome", "CheckIFpalindrome\CheckIFpalindrome.csproj", "{AE3DE600-758E-4B43-9EF3-75EB4BADD500}"
EndProject
Project("{FAE04EC0-301F-11D3-BF4B-00C04F79EFBC}") = "AlmostPalindrome", "AlmostPalindrome\AlmostPalindrome.csproj", "{9E96CDF6-4D5D-4FAD-8595-6BD4849DD39E}"
EndProject
Project("{2150E333-8FDC-42A3-9474-1A3956D46DE8}") = "LinkedList", "LinkedList", "{CFB447A5-C93B-4172-A0BD-FB7D795582DE}"
EndProject
Project("{FAE04EC0-301F-11D3-BF4B-00C04F79EFBC}") = "LinkedList", "LinkedList\LinkedList\LinkedList.csproj", "{9AE09693-4103-4599-9334-9818E21B9DF1}"
EndProject
Project("{FAE04EC0-301F-11D3-BF4B-00C04F79EFBC}") = "DoublyLinkedList", "LinkedList\DoublyLinkedList\DoublyLinkedList.csproj", "{00B50DEA-4551-4B1B-BF09-8C8C6A66220F}"
EndProject
Project("{FAE04EC0-301F-11D3-BF4B-00C04F79EFBC}") = "CycleDetection", "CycleDetection\CycleDetection.csproj", "{00C25F84-8CE1-4D79-B93A-F33DBBCC1FA9}"
EndProject
Project("{2150E333-8FDC-42A3-9474-1A3956D46DE8}") = "Stacks", "Stacks", "{3FBB43AB-EB88-405A-96E5-164A4508F75D}"
EndProject
Project("{FAE04EC0-301F-11D3-BF4B-00C04F79EFBC}") = "ValidParentesis", "Stacks\ValidParentesis\ValidParentesis.csproj", "{5464BBC7-33D3-49EC-AB61-9D6B2D08EE3C}"
EndProject
Global
	GlobalSection(SolutionConfigurationPlatforms) = preSolution
		Debug|Any CPU = Debug|Any CPU
		Release|Any CPU = Release|Any CPU
	EndGlobalSection
	GlobalSection(ProjectConfigurationPlatforms) = postSolution
		{A9CCCDE8-E869-43A3-B849-4750F3EED580}.Debug|Any CPU.ActiveCfg = Debug|Any CPU
		{A9CCCDE8-E869-43A3-B849-4750F3EED580}.Debug|Any CPU.Build.0 = Debug|Any CPU
		{A9CCCDE8-E869-43A3-B849-4750F3EED580}.Release|Any CPU.ActiveCfg = Release|Any CPU
		{A9CCCDE8-E869-43A3-B849-4750F3EED580}.Release|Any CPU.Build.0 = Release|Any CPU
		{289B245B-4E63-4DC0-B26A-3FA50ECFDA72}.Debug|Any CPU.ActiveCfg = Debug|Any CPU
		{289B245B-4E63-4DC0-B26A-3FA50ECFDA72}.Debug|Any CPU.Build.0 = Debug|Any CPU
		{289B245B-4E63-4DC0-B26A-3FA50ECFDA72}.Release|Any CPU.ActiveCfg = Release|Any CPU
		{289B245B-4E63-4DC0-B26A-3FA50ECFDA72}.Release|Any CPU.Build.0 = Release|Any CPU
		{BCE2805A-B8A5-48E8-B230-928D10F1D6CE}.Debug|Any CPU.ActiveCfg = Debug|Any CPU
		{BCE2805A-B8A5-48E8-B230-928D10F1D6CE}.Debug|Any CPU.Build.0 = Debug|Any CPU
		{BCE2805A-B8A5-48E8-B230-928D10F1D6CE}.Release|Any CPU.ActiveCfg = Release|Any CPU
		{BCE2805A-B8A5-48E8-B230-928D10F1D6CE}.Release|Any CPU.Build.0 = Release|Any CPU
		{1A79AABA-F755-41E3-865A-17EA217FC9FE}.Debug|Any CPU.ActiveCfg = Debug|Any CPU
		{1A79AABA-F755-41E3-865A-17EA217FC9FE}.Debug|Any CPU.Build.0 = Debug|Any CPU
		{1A79AABA-F755-41E3-865A-17EA217FC9FE}.Release|Any CPU.ActiveCfg = Release|Any CPU
		{1A79AABA-F755-41E3-865A-17EA217FC9FE}.Release|Any CPU.Build.0 = Release|Any CPU
		{9A9B7FBA-122D-4158-917B-7041FC3E6D43}.Debug|Any CPU.ActiveCfg = Debug|Any CPU
		{9A9B7FBA-122D-4158-917B-7041FC3E6D43}.Debug|Any CPU.Build.0 = Debug|Any CPU
		{9A9B7FBA-122D-4158-917B-7041FC3E6D43}.Release|Any CPU.ActiveCfg = Release|Any CPU
		{9A9B7FBA-122D-4158-917B-7041FC3E6D43}.Release|Any CPU.Build.0 = Release|Any CPU
		{AE3DE600-758E-4B43-9EF3-75EB4BADD500}.Debug|Any CPU.ActiveCfg = Debug|Any CPU
		{AE3DE600-758E-4B43-9EF3-75EB4BADD500}.Debug|Any CPU.Build.0 = Debug|Any CPU
		{AE3DE600-758E-4B43-9EF3-75EB4BADD500}.Release|Any CPU.ActiveCfg = Release|Any CPU
		{AE3DE600-758E-4B43-9EF3-75EB4BADD500}.Release|Any CPU.Build.0 = Release|Any CPU
		{9E96CDF6-4D5D-4FAD-8595-6BD4849DD39E}.Debug|Any CPU.ActiveCfg = Debug|Any CPU
		{9E96CDF6-4D5D-4FAD-8595-6BD4849DD39E}.Debug|Any CPU.Build.0 = Debug|Any CPU
		{9E96CDF6-4D5D-4FAD-8595-6BD4849DD39E}.Release|Any CPU.ActiveCfg = Release|Any CPU
		{9E96CDF6-4D5D-4FAD-8595-6BD4849DD39E}.Release|Any CPU.Build.0 = Release|Any CPU
		{9AE09693-4103-4599-9334-9818E21B9DF1}.Debug|Any CPU.ActiveCfg = Debug|Any CPU
		{9AE09693-4103-4599-9334-9818E21B9DF1}.Debug|Any CPU.Build.0 = Debug|Any CPU
		{9AE09693-4103-4599-9334-9818E21B9DF1}.Release|Any CPU.ActiveCfg = Release|Any CPU
		{9AE09693-4103-4599-9334-9818E21B9DF1}.Release|Any CPU.Build.0 = Release|Any CPU
		{00B50DEA-4551-4B1B-BF09-8C8C6A66220F}.Debug|Any CPU.ActiveCfg = Debug|Any CPU
		{00B50DEA-4551-4B1B-BF09-8C8C6A66220F}.Debug|Any CPU.Build.0 = Debug|Any CPU
		{00B50DEA-4551-4B1B-BF09-8C8C6A66220F}.Release|Any CPU.ActiveCfg = Release|Any CPU
		{00B50DEA-4551-4B1B-BF09-8C8C6A66220F}.Release|Any CPU.Build.0 = Release|Any CPU
		{00C25F84-8CE1-4D79-B93A-F33DBBCC1FA9}.Debug|Any CPU.ActiveCfg = Debug|Any CPU
		{00C25F84-8CE1-4D79-B93A-F33DBBCC1FA9}.Debug|Any CPU.Build.0 = Debug|Any CPU
		{00C25F84-8CE1-4D79-B93A-F33DBBCC1FA9}.Release|Any CPU.ActiveCfg = Release|Any CPU
		{00C25F84-8CE1-4D79-B93A-F33DBBCC1FA9}.Release|Any CPU.Build.0 = Release|Any CPU
		{5464BBC7-33D3-49EC-AB61-9D6B2D08EE3C}.Debug|Any CPU.ActiveCfg = Debug|Any CPU
		{5464BBC7-33D3-49EC-AB61-9D6B2D08EE3C}.Debug|Any CPU.Build.0 = Debug|Any CPU
		{5464BBC7-33D3-49EC-AB61-9D6B2D08EE3C}.Release|Any CPU.ActiveCfg = Release|Any CPU
		{5464BBC7-33D3-49EC-AB61-9D6B2D08EE3C}.Release|Any CPU.Build.0 = Release|Any CPU
	EndGlobalSection
	GlobalSection(SolutionProperties) = preSolution
		HideSolutionNode = FALSE
	EndGlobalSection
	GlobalSection(NestedProjects) = preSolution
		{A9CCCDE8-E869-43A3-B849-4750F3EED580} = {6C38D875-70F5-4D9F-992A-4B8AF4AB1336}
		{289B245B-4E63-4DC0-B26A-3FA50ECFDA72} = {6C38D875-70F5-4D9F-992A-4B8AF4AB1336}
		{BCE2805A-B8A5-48E8-B230-928D10F1D6CE} = {6C38D875-70F5-4D9F-992A-4B8AF4AB1336}
		{1A79AABA-F755-41E3-865A-17EA217FC9FE} = {2757B298-340A-418B-A390-D9170F0C72F6}
		{9A9B7FBA-122D-4158-917B-7041FC3E6D43} = {2757B298-340A-418B-A390-D9170F0C72F6}
		{AE3DE600-758E-4B43-9EF3-75EB4BADD500} = {2757B298-340A-418B-A390-D9170F0C72F6}
		{9E96CDF6-4D5D-4FAD-8595-6BD4849DD39E} = {2757B298-340A-418B-A390-D9170F0C72F6}
		{9AE09693-4103-4599-9334-9818E21B9DF1} = {CFB447A5-C93B-4172-A0BD-FB7D795582DE}
		{00B50DEA-4551-4B1B-BF09-8C8C6A66220F} = {CFB447A5-C93B-4172-A0BD-FB7D795582DE}
		{00C25F84-8CE1-4D79-B93A-F33DBBCC1FA9} = {CFB447A5-C93B-4172-A0BD-FB7D795582DE}
		{5464BBC7-33D3-49EC-AB61-9D6B2D08EE3C} = {3FBB43AB-EB88-405A-96E5-164A4508F75D}
	EndGlobalSection
	GlobalSection(ExtensibilityGlobals) = postSolution
		SolutionGuid = {4E20287C-7337-49EC-BE95-FE8277EEB1E8}
	EndGlobalSection
EndGlobal
